
Microsoft Visual Studio Solution File, Format Version 12.00
# Visual Studio Version 17
VisualStudioVersion = 17.3.32929.385
MinimumVisualStudioVersion = 10.0.40219.1
Project("{FAE04EC0-301F-11D3-BF4B-00C04F79EFBC}") = "MoodAnalyzerProblem", "MoodAnalyzerProblem\MoodAnalyzerProblem.csproj", "{473EB87E-DA3F-4805-B7AC-3C02303405E3}"
EndProject
Global
	GlobalSection(SolutionConfigurationPlatforms) = preSolution
		Debug|Any CPU = Debug|Any CPU
		Release|Any CPU = Release|Any CPU
	EndGlobalSection
	GlobalSection(ProjectConfigurationPlatforms) = postSolution
		{473EB87E-DA3F-4805-B7AC-3C02303405E3}.Debug|Any CPU.ActiveCfg = Debug|Any CPU
		{473EB87E-DA3F-4805-B7AC-3C02303405E3}.Debug|Any CPU.Build.0 = Debug|Any CPU
		{473EB87E-DA3F-4805-B7AC-3C02303405E3}.Release|Any CPU.ActiveCfg = Release|Any CPU
		{473EB87E-DA3F-4805-B7AC-3C02303405E3}.Release|Any CPU.Build.0 = Release|Any CPU
	EndGlobalSection
	GlobalSection(SolutionProperties) = preSolution
		HideSolutionNode = FALSE
	EndGlobalSection
	GlobalSection(ExtensibilityGlobals) = postSolution
		SolutionGuid = {5E5931A1-77BE-4170-AB69-80CE1C470D78}
	EndGlobalSection
EndGlobal
